
Microsoft Visual Studio Solution File, Format Version 12.00
# Visual Studio Version 17
VisualStudioVersion = 17.12.35707.178
MinimumVisualStudioVersion = 10.0.40219.1
Project("{FAE04EC0-301F-11D3-BF4B-00C04F79EFBC}") = "EasySave", "EasySave.csproj", "{FA72AEDE-15B0-4133-96CA-DBD64D2CCEA6}"
	ProjectSection(ProjectDependencies) = postProject
		{08F5C19E-8346-458F-BE70-8CE9D6DE0E50} = {08F5C19E-8346-458F-BE70-8CE9D6DE0E50}
	EndProjectSection
EndProject
Project("{FAE04EC0-301F-11D3-BF4B-00C04F79EFBC}") = "EasySave.Logger", "..\EasySave.Logger\EasySave.Logger.csproj", "{08F5C19E-8346-458F-BE70-8CE9D6DE0E50}"
EndProject
Project("{FAE04EC0-301F-11D3-BF4B-00C04F79EFBC}") = "EasySave.Monitoring", "..\EasySave.Monitoring\EasySave.Monitoring.csproj", "{E92000A3-7E52-491D-8E49-5C5ADB38A2D9}"
EndProject
Global
	GlobalSection(SolutionConfigurationPlatforms) = preSolution
		Debug|Any CPU = Debug|Any CPU
		Release|Any CPU = Release|Any CPU
	EndGlobalSection
	GlobalSection(ProjectConfigurationPlatforms) = postSolution
		{FA72AEDE-15B0-4133-96CA-DBD64D2CCEA6}.Debug|Any CPU.ActiveCfg = Debug|Any CPU
		{FA72AEDE-15B0-4133-96CA-DBD64D2CCEA6}.Debug|Any CPU.Build.0 = Debug|Any CPU
		{FA72AEDE-15B0-4133-96CA-DBD64D2CCEA6}.Release|Any CPU.ActiveCfg = Release|Any CPU
		{FA72AEDE-15B0-4133-96CA-DBD64D2CCEA6}.Release|Any CPU.Build.0 = Release|Any CPU
		{08F5C19E-8346-458F-BE70-8CE9D6DE0E50}.Debug|Any CPU.ActiveCfg = Debug|Any CPU
		{08F5C19E-8346-458F-BE70-8CE9D6DE0E50}.Debug|Any CPU.Build.0 = Debug|Any CPU
		{08F5C19E-8346-458F-BE70-8CE9D6DE0E50}.Release|Any CPU.ActiveCfg = Release|Any CPU
		{08F5C19E-8346-458F-BE70-8CE9D6DE0E50}.Release|Any CPU.Build.0 = Release|Any CPU
		{E92000A3-7E52-491D-8E49-5C5ADB38A2D9}.Debug|Any CPU.ActiveCfg = Debug|Any CPU
		{E92000A3-7E52-491D-8E49-5C5ADB38A2D9}.Debug|Any CPU.Build.0 = Debug|Any CPU
		{E92000A3-7E52-491D-8E49-5C5ADB38A2D9}.Release|Any CPU.ActiveCfg = Release|Any CPU
		{E92000A3-7E52-491D-8E49-5C5ADB38A2D9}.Release|Any CPU.Build.0 = Release|Any CPU
	EndGlobalSection
	GlobalSection(SolutionProperties) = preSolution
		HideSolutionNode = FALSE
	EndGlobalSection
EndGlobal
